// !$*UTF8*$!
{
	archiveVersion = 1;
	classes = {
	};
	objectVersion = 56;
	objects = {

/* Begin PBXBuildFile section */
		A10000000000000000000001 /* RingVoiceApp.swift in Sources */ = {isa = PBXBuildFile; fileRef = A10000000000000000000011 /* RingVoiceApp.swift */; };
		A10000000000000000000002 /* ContentView.swift in Sources */ = {isa = PBXBuildFile; fileRef = A10000000000000000000012 /* ContentView.swift */; };
		A10000000000000000000003 /* Assets.xcassets in Resources */ = {isa = PBXBuildFile; fileRef = A10000000000000000000013 /* Assets.xcassets */; };
		A10000000000000000000004 /* DemoSession.swift in Sources */ = {isa = PBXBuildFile; fileRef = A10000000000000000000014 /* DemoSession.swift */; };
		A10000000000000000000005 /* DemoSessionTests.swift in Sources */ = {isa = PBXBuildFile; fileRef = A10000000000000000000015 /* DemoSessionTests.swift */; };
		A10000000000000000000006 /* DebugLabView.swift in Sources */ = {isa = PBXBuildFile; fileRef = A10000000000000000000017 /* DebugLabView.swift */; };
		A10000000000000000000007 /* MainWorkflowView.swift in Sources */ = {isa = PBXBuildFile; fileRef = A10000000000000000000018 /* MainWorkflowView.swift */; };
		A10000000000000000000008 /* VoiceWorkflow.swift in Sources */ = {isa = PBXBuildFile; fileRef = A10000000000000000000019 /* VoiceWorkflow.swift */; };
		A10000000000000000000009 /* VoiceWorkflowTests.swift in Sources */ = {isa = PBXBuildFile; fileRef = A1000000000000000000001A /* VoiceWorkflowTests.swift */; };
		A1000000000000000000000A /* StepAIClient.swift in Sources */ = {isa = PBXBuildFile; fileRef = A1000000000000000000001B /* StepAIClient.swift */; };
		A1000000000000000000000B /* TranscriptEditorSheet.swift in Sources */ = {isa = PBXBuildFile; fileRef = A1000000000000000000001C /* TranscriptEditorSheet.swift */; };
		A1000000000000000000000C /* AIWorkflowResultTests.swift in Sources */ = {isa = PBXBuildFile; fileRef = A1000000000000000000001D /* AIWorkflowResultTests.swift */; };
		A1000000000000000000000D /* PromptLabView.swift in Sources */ = {isa = PBXBuildFile; fileRef = A1000000000000000000001E /* PromptLabView.swift */; };
		A1000000000000000000000E /* PromptLabTests.swift in Sources */ = {isa = PBXBuildFile; fileRef = A1000000000000000000001F /* PromptLabTests.swift */; };
		A1000000000000000000000F /* PhoneSpeechRecorder.swift in Sources */ = {isa = PBXBuildFile; fileRef = A10000000000000000000022 /* PhoneSpeechRecorder.swift */; };
		A10000000000000000000034 /* RingBluetoothCommands.swift in Sources */ = {isa = PBXBuildFile; fileRef = A10000000000000000000023 /* RingBluetoothCommands.swift */; };
		A10000000000000000000035 /* RingBluetoothSession.swift in Sources */ = {isa = PBXBuildFile; fileRef = A10000000000000000000024 /* RingBluetoothSession.swift */; };
		A10000000000000000000036 /* RingBluetoothSession+Delegates.swift in Sources */ = {isa = PBXBuildFile; fileRef = A10000000000000000000025 /* RingBluetoothSession+Delegates.swift */; };
		A10000000000000000000037 /* RingBluetoothCommandsTests.swift in Sources */ = {isa = PBXBuildFile; fileRef = A10000000000000000000026 /* RingBluetoothCommandsTests.swift */; };
		A10000000000000000000038 /* RingScannedDevice.swift in Sources */ = {isa = PBXBuildFile; fileRef = A10000000000000000000027 /* RingScannedDevice.swift */; };
		A10000000000000000000039 /* RingDeviceConnectionSheet.swift in Sources */ = {isa = PBXBuildFile; fileRef = A10000000000000000000028 /* RingDeviceConnectionSheet.swift */; };
/* End PBXBuildFile section */

/* Begin PBXContainerItemProxy section */
		A100000000000000000000A0 /* PBXContainerItemProxy */ = {
			isa = PBXContainerItemProxy;
			containerPortal = A10000000000000000000070 /* Project object */;
			proxyType = 1;
			remoteGlobalIDString = A10000000000000000000040;
			remoteInfo = RingVoice;
		};
/* End PBXContainerItemProxy section */

/* Begin PBXFileReference section */
		A10000000000000000000010 /* RingVoice.app */ = {isa = PBXFileReference; explicitFileType = wrapper.application; includeInIndex = 0; path = RingVoice.app; sourceTree = BUILT_PRODUCTS_DIR; };
		A10000000000000000000011 /* RingVoiceApp.swift */ = {isa = PBXFileReference; lastKnownFileType = sourcecode.swift; path = RingVoiceApp.swift; sourceTree = "<group>"; };
		A10000000000000000000012 /* ContentView.swift */ = {isa = PBXFileReference; lastKnownFileType = sourcecode.swift; path = ContentView.swift; sourceTree = "<group>"; };
		A10000000000000000000013 /* Assets.xcassets */ = {isa = PBXFileReference; lastKnownFileType = folder.assetcatalog; path = Assets.xcassets; sourceTree = "<group>"; };
		A10000000000000000000014 /* DemoSession.swift */ = {isa = PBXFileReference; lastKnownFileType = sourcecode.swift; path = DemoSession.swift; sourceTree = "<group>"; };
		A10000000000000000000015 /* DemoSessionTests.swift */ = {isa = PBXFileReference; lastKnownFileType = sourcecode.swift; path = DemoSessionTests.swift; sourceTree = "<group>"; };
		A10000000000000000000016 /* RingVoiceTests.xctest */ = {isa = PBXFileReference; explicitFileType = wrapper.cfbundle; includeInIndex = 0; path = RingVoiceTests.xctest; sourceTree = BUILT_PRODUCTS_DIR; };
		A10000000000000000000017 /* DebugLabView.swift */ = {isa = PBXFileReference; lastKnownFileType = sourcecode.swift; path = DebugLabView.swift; sourceTree = "<group>"; };
		A10000000000000000000018 /* MainWorkflowView.swift */ = {isa = PBXFileReference; lastKnownFileType = sourcecode.swift; path = MainWorkflowView.swift; sourceTree = "<group>"; };
		A10000000000000000000019 /* VoiceWorkflow.swift */ = {isa = PBXFileReference; lastKnownFileType = sourcecode.swift; path = VoiceWorkflow.swift; sourceTree = "<group>"; };
		A1000000000000000000001A /* VoiceWorkflowTests.swift */ = {isa = PBXFileReference; lastKnownFileType = sourcecode.swift; path = VoiceWorkflowTests.swift; sourceTree = "<group>"; };
		A1000000000000000000001B /* StepAIClient.swift */ = {isa = PBXFileReference; lastKnownFileType = sourcecode.swift; path = StepAIClient.swift; sourceTree = "<group>"; };
		A1000000000000000000001C /* TranscriptEditorSheet.swift */ = {isa = PBXFileReference; lastKnownFileType = sourcecode.swift; path = TranscriptEditorSheet.swift; sourceTree = "<group>"; };
		A1000000000000000000001D /* AIWorkflowResultTests.swift */ = {isa = PBXFileReference; lastKnownFileType = sourcecode.swift; path = AIWorkflowResultTests.swift; sourceTree = "<group>"; };
		A1000000000000000000001E /* PromptLabView.swift */ = {isa = PBXFileReference; lastKnownFileType = sourcecode.swift; path = PromptLabView.swift; sourceTree = "<group>"; };
		A1000000000000000000001F /* PromptLabTests.swift */ = {isa = PBXFileReference; lastKnownFileType = sourcecode.swift; path = PromptLabTests.swift; sourceTree = "<group>"; };
		A10000000000000000000022 /* PhoneSpeechRecorder.swift */ = {isa = PBXFileReference; lastKnownFileType = sourcecode.swift; path = PhoneSpeechRecorder.swift; sourceTree = "<group>"; };
		A10000000000000000000023 /* RingBluetoothCommands.swift */ = {isa = PBXFileReference; lastKnownFileType = sourcecode.swift; path = RingBluetoothCommands.swift; sourceTree = "<group>"; };
		A10000000000000000000024 /* RingBluetoothSession.swift */ = {isa = PBXFileReference; lastKnownFileType = sourcecode.swift; path = RingBluetoothSession.swift; sourceTree = "<group>"; };
		A10000000000000000000025 /* RingBluetoothSession+Delegates.swift */ = {isa = PBXFileReference; lastKnownFileType = sourcecode.swift; path = "RingBluetoothSession+Delegates.swift"; sourceTree = "<group>"; };
		A10000000000000000000026 /* RingBluetoothCommandsTests.swift */ = {isa = PBXFileReference; lastKnownFileType = sourcecode.swift; path = RingBluetoothCommandsTests.swift; sourceTree = "<group>"; };
		A10000000000000000000027 /* RingScannedDevice.swift */ = {isa = PBXFileReference; lastKnownFileType = sourcecode.swift; path = RingScannedDevice.swift; sourceTree = "<group>"; };
		A10000000000000000000028 /* RingDeviceConnectionSheet.swift */ = {isa = PBXFileReference; lastKnownFileType = sourcecode.swift; path = RingDeviceConnectionSheet.swift; sourceTree = "<group>"; };
/* End PBXFileReference section */

/* Begin PBXFrameworksBuildPhase section */
		A10000000000000000000020 /* Frameworks */ = {
			isa = PBXFrameworksBuildPhase;
			buildActionMask = 2147483647;
			files = (
			);
			runOnlyForDeploymentPostprocessing = 0;
		};
		A10000000000000000000021 /* Frameworks */ = {
			isa = PBXFrameworksBuildPhase;
			buildActionMask = 2147483647;
			files = (
			);
			runOnlyForDeploymentPostprocessing = 0;
		};
/* End PBXFrameworksBuildPhase section */

/* Begin PBXGroup section */
		A10000000000000000000030 = {
			isa = PBXGroup;
			children = (
				A10000000000000000000031 /* RingVoice */,
				A10000000000000000000033 /* RingVoiceTests */,
				A10000000000000000000032 /* Products */,
			);
			sourceTree = "<group>";
		};
		A10000000000000000000031 /* RingVoice */ = {
			isa = PBXGroup;
			children = (
				A10000000000000000000011 /* RingVoiceApp.swift */,
				A10000000000000000000012 /* ContentView.swift */,
				A10000000000000000000017 /* DebugLabView.swift */,
				A1000000000000000000001E /* PromptLabView.swift */,
				A10000000000000000000018 /* MainWorkflowView.swift */,
				A1000000000000000000001C /* TranscriptEditorSheet.swift */,
				A1000000000000000000001B /* StepAIClient.swift */,
				A10000000000000000000022 /* PhoneSpeechRecorder.swift */,
				A10000000000000000000023 /* RingBluetoothCommands.swift */,
				A10000000000000000000027 /* RingScannedDevice.swift */,
				A10000000000000000000028 /* RingDeviceConnectionSheet.swift */,
				A10000000000000000000024 /* RingBluetoothSession.swift */,
				A10000000000000000000025 /* RingBluetoothSession+Delegates.swift */,
				A10000000000000000000014 /* DemoSession.swift */,
				A10000000000000000000019 /* VoiceWorkflow.swift */,
				A10000000000000000000013 /* Assets.xcassets */,
			);
			path = RingVoice;
			sourceTree = "<group>";
		};
		A10000000000000000000032 /* Products */ = {
			isa = PBXGroup;
			children = (
				A10000000000000000000010 /* RingVoice.app */,
				A10000000000000000000016 /* RingVoiceTests.xctest */,
			);
			name = Products;
			sourceTree = "<group>";
		};
		A10000000000000000000033 /* RingVoiceTests */ = {
			isa = PBXGroup;
			children = (
				A10000000000000000000015 /* DemoSessionTests.swift */,
				A1000000000000000000001A /* VoiceWorkflowTests.swift */,
				A1000000000000000000001D /* AIWorkflowResultTests.swift */,
				A1000000000000000000001F /* PromptLabTests.swift */,
				A10000000000000000000026 /* RingBluetoothCommandsTests.swift */,
			);
			path = RingVoiceTests;
			sourceTree = "<group>";
		};
/* End PBXGroup section */

/* Begin PBXNativeTarget section */
		A10000000000000000000040 /* RingVoice */ = {
			isa = PBXNativeTarget;
			buildConfigurationList = A10000000000000000000090 /* Build configuration list for PBXNativeTarget "RingVoice" */;
			buildPhases = (
				A10000000000000000000050 /* Sources */,
				A10000000000000000000020 /* Frameworks */,
				A10000000000000000000060 /* Resources */,
			);
			buildRules = (
			);
			dependencies = (
			);
			name = RingVoice;
			productName = RingVoice;
			productReference = A10000000000000000000010 /* RingVoice.app */;
			productType = "com.apple.product-type.application";
		};
		A10000000000000000000041 /* RingVoiceTests */ = {
			isa = PBXNativeTarget;
			buildConfigurationList = A10000000000000000000093 /* Build configuration list for PBXNativeTarget "RingVoiceTests" */;
			buildPhases = (
				A10000000000000000000051 /* Sources */,
				A10000000000000000000021 /* Frameworks */,
				A10000000000000000000061 /* Resources */,
			);
			buildRules = (
			);
			dependencies = (
				A100000000000000000000A1 /* PBXTargetDependency */,
			);
			name = RingVoiceTests;
			productName = RingVoiceTests;
			productReference = A10000000000000000000016 /* RingVoiceTests.xctest */;
			productType = "com.apple.product-type.bundle.unit-test";
		};
/* End PBXNativeTarget section */

/* Begin PBXProject section */
		A10000000000000000000070 /* Project object */ = {
			isa = PBXProject;
			attributes = {
				BuildIndependentTargetsInParallel = 1;
				LastSwiftUpdateCheck = 2630;
				LastUpgradeCheck = 2630;
				TargetAttributes = {
					A10000000000000000000040 = {
						CreatedOnToolsVersion = 26.3;
					};
					A10000000000000000000041 = {
						CreatedOnToolsVersion = 26.3;
						TestTargetID = A10000000000000000000040;
					};
				};
			};
			buildConfigurationList = A10000000000000000000080 /* Build configuration list for PBXProject "RingVoice" */;
			compatibilityVersion = "Xcode 14.0";
			developmentRegion = en;
			hasScannedForEncodings = 0;
			knownRegions = (
				en,
				Base,
			);
			mainGroup = A10000000000000000000030;
			productRefGroup = A10000000000000000000032 /* Products */;
			projectDirPath = "";
			projectRoot = "";
			targets = (
				A10000000000000000000040 /* RingVoice */,
				A10000000000000000000041 /* RingVoiceTests */,
			);
		};
/* End PBXProject section */

/* Begin PBXResourcesBuildPhase section */
		A10000000000000000000060 /* Resources */ = {
			isa = PBXResourcesBuildPhase;
			buildActionMask = 2147483647;
			files = (
				A10000000000000000000003 /* Assets.xcassets in Resources */,
			);
			runOnlyForDeploymentPostprocessing = 0;
		};
		A10000000000000000000061 /* Resources */ = {
			isa = PBXResourcesBuildPhase;
			buildActionMask = 2147483647;
			files = (
			);
			runOnlyForDeploymentPostprocessing = 0;
		};
/* End PBXResourcesBuildPhase section */

/* Begin PBXSourcesBuildPhase section */
		A10000000000000000000050 /* Sources */ = {
			isa = PBXSourcesBuildPhase;
			buildActionMask = 2147483647;
			files = (
				A10000000000000000000001 /* RingVoiceApp.swift in Sources */,
				A10000000000000000000002 /* ContentView.swift in Sources */,
				A10000000000000000000006 /* DebugLabView.swift in Sources */,
				A1000000000000000000000D /* PromptLabView.swift in Sources */,
				A10000000000000000000007 /* MainWorkflowView.swift in Sources */,
				A1000000000000000000000B /* TranscriptEditorSheet.swift in Sources */,
				A1000000000000000000000A /* StepAIClient.swift in Sources */,
				A1000000000000000000000F /* PhoneSpeechRecorder.swift in Sources */,
				A10000000000000000000034 /* RingBluetoothCommands.swift in Sources */,
				A10000000000000000000038 /* RingScannedDevice.swift in Sources */,
				A10000000000000000000039 /* RingDeviceConnectionSheet.swift in Sources */,
				A10000000000000000000035 /* RingBluetoothSession.swift in Sources */,
				A10000000000000000000036 /* RingBluetoothSession+Delegates.swift in Sources */,
				A10000000000000000000004 /* DemoSession.swift in Sources */,
				A10000000000000000000008 /* VoiceWorkflow.swift in Sources */,
			);
			runOnlyForDeploymentPostprocessing = 0;
		};
		A10000000000000000000051 /* Sources */ = {
			isa = PBXSourcesBuildPhase;
			buildActionMask = 2147483647;
			files = (
				A10000000000000000000005 /* DemoSessionTests.swift in Sources */,
				A10000000000000000000009 /* VoiceWorkflowTests.swift in Sources */,
				A1000000000000000000000C /* AIWorkflowResultTests.swift in Sources */,
				A1000000000000000000000E /* PromptLabTests.swift in Sources */,
				A10000000000000000000037 /* RingBluetoothCommandsTests.swift in Sources */,
			);
			runOnlyForDeploymentPostprocessing = 0;
		};
/* End PBXSourcesBuildPhase section */

/* Begin PBXTargetDependency section */
		A100000000000000000000A1 /* PBXTargetDependency */ = {
			isa = PBXTargetDependency;
			target = A10000000000000000000040 /* RingVoice */;
			targetProxy = A100000000000000000000A0 /* PBXContainerItemProxy */;
		};
/* End PBXTargetDependency section */

/* Begin XCBuildConfiguration section */
		A10000000000000000000081 /* Debug */ = {
			isa = XCBuildConfiguration;
			buildSettings = {
				ALWAYS_SEARCH_USER_PATHS = NO;
				ASSETCATALOG_COMPILER_GENERATE_SWIFT_ASSET_SYMBOL_EXTENSIONS = YES;
				CLANG_ANALYZER_NONNULL = YES;
				CLANG_ANALYZER_NUMBER_OBJECT_CONVERSION = YES_AGGRESSIVE;
				CLANG_CXX_LANGUAGE_STANDARD = "gnu++20";
				CLANG_ENABLE_MODULES = YES;
				CLANG_ENABLE_OBJC_ARC = YES;
				CLANG_ENABLE_OBJC_WEAK = YES;
				CLANG_WARN_BLOCK_CAPTURE_AUTORELEASING = YES;
				CLANG_WARN_BOOL_CONVERSION = YES;
				CLANG_WARN_COMMA = YES;
				CLANG_WARN_CONSTANT_CONVERSION = YES;
				CLANG_WARN_DEPRECATED_OBJC_IMPLEMENTATIONS = YES;
				CLANG_WARN_DIRECT_OBJC_ISA_USAGE = YES_ERROR;
				CLANG_WARN_DOCUMENTATION_COMMENTS = YES;
				CLANG_WARN_EMPTY_BODY = YES;
				CLANG_WARN_ENUM_CONVERSION = YES;
				CLANG_WARN_INFINITE_RECURSION = YES;
				CLANG_WARN_INT_CONVERSION = YES;
				CLANG_WARN_NON_LITERAL_NULL_CONVERSION = YES;
				CLANG_WARN_OBJC_IMPLICIT_RETAIN_SELF = YES;
				CLANG_WARN_OBJC_LITERAL_CONVERSION = YES;
				CLANG_WARN_OBJC_ROOT_CLASS = YES_ERROR;
				CLANG_WARN_QUOTED_INCLUDE_IN_FRAMEWORK_HEADER = YES;
				CLANG_WARN_RANGE_LOOP_ANALYSIS = YES;
				CLANG_WARN_STRICT_PROTOTYPES = YES;
				CLANG_WARN_SUSPICIOUS_MOVE = YES;
				CLANG_WARN_UNGUARDED_AVAILABILITY = YES_AGGRESSIVE;
				CLANG_WARN_UNREACHABLE_CODE = YES;
				CLANG_WARN__DUPLICATE_METHOD_MATCH = YES;
				COPY_PHASE_STRIP = NO;
				DEBUG_INFORMATION_FORMAT = dwarf;
				ENABLE_STRICT_OBJC_MSGSEND = YES;
				ENABLE_TESTABILITY = YES;
				ENABLE_USER_SCRIPT_SANDBOXING = YES;
				GCC_C_LANGUAGE_STANDARD = gnu17;
				GCC_DYNAMIC_NO_PIC = NO;
				GCC_NO_COMMON_BLOCKS = YES;
				GCC_OPTIMIZATION_LEVEL = 0;
				GCC_PREPROCESSOR_DEFINITIONS = (
					"DEBUG=1",
					"$(inherited)",
				);
				GCC_WARN_64_TO_32_BIT_CONVERSION = YES;
				GCC_WARN_ABOUT_RETURN_TYPE = YES_ERROR;
				GCC_WARN_UNDECLARED_SELECTOR = YES;
				GCC_WARN_UNINITIALIZED_AUTOS = YES_AGGRESSIVE;
				GCC_WARN_UNUSED_FUNCTION = YES;
				GCC_WARN_UNUSED_VARIABLE = YES;
				IPHONEOS_DEPLOYMENT_TARGET = 17.0;
				LOCALIZATION_PREFERS_STRING_CATALOGS = YES;
				MTL_ENABLE_DEBUG_INFO = INCLUDE_SOURCE;
				MTL_FAST_MATH = YES;
				ONLY_ACTIVE_ARCH = YES;
				SDKROOT = iphoneos;
				SWIFT_ACTIVE_COMPILATION_CONDITIONS = "DEBUG $(inherited)";
				SWIFT_OPTIMIZATION_LEVEL = "-Onone";
			};
			name = Debug;
		};
		A10000000000000000000082 /* Release */ = {
			isa = XCBuildConfiguration;
			buildSettings = {
				ALWAYS_SEARCH_USER_PATHS = NO;
				ASSETCATALOG_COMPILER_GENERATE_SWIFT_ASSET_SYMBOL_EXTENSIONS = YES;
				CLANG_ANALYZER_NONNULL = YES;
				CLANG_ANALYZER_NUMBER_OBJECT_CONVERSION = YES_AGGRESSIVE;
				CLANG_CXX_LANGUAGE_STANDARD = "gnu++20";
				CLANG_ENABLE_MODULES = YES;
				CLANG_ENABLE_OBJC_ARC = YES;
				CLANG_ENABLE_OBJC_WEAK = YES;
				CLANG_WARN_BLOCK_CAPTURE_AUTORELEASING = YES;
				CLANG_WARN_BOOL_CONVERSION = YES;
				CLANG_WARN_COMMA = YES;
				CLANG_WARN_CONSTANT_CONVERSION = YES;
				CLANG_WARN_DEPRECATED_OBJC_IMPLEMENTATIONS = YES;
				CLANG_WARN_DIRECT_OBJC_ISA_USAGE = YES_ERROR;
				CLANG_WARN_DOCUMENTATION_COMMENTS = YES;
				CLANG_WARN_EMPTY_BODY = YES;
				CLANG_WARN_ENUM_CONVERSION = YES;
				CLANG_WARN_INFINITE_RECURSION = YES;
				CLANG_WARN_INT_CONVERSION = YES;
				CLANG_WARN_NON_LITERAL_NULL_CONVERSION = YES;
				CLANG_WARN_OBJC_IMPLICIT_RETAIN_SELF = YES;
				CLANG_WARN_OBJC_LITERAL_CONVERSION = YES;
				CLANG_WARN_OBJC_ROOT_CLASS = YES_ERROR;
				CLANG_WARN_QUOTED_INCLUDE_IN_FRAMEWORK_HEADER = YES;
				CLANG_WARN_RANGE_LOOP_ANALYSIS = YES;
				CLANG_WARN_STRICT_PROTOTYPES = YES;
				CLANG_WARN_SUSPICIOUS_MOVE = YES;
				CLANG_WARN_UNGUARDED_AVAILABILITY = YES_AGGRESSIVE;
				CLANG_WARN_UNREACHABLE_CODE = YES;
				CLANG_WARN__DUPLICATE_METHOD_MATCH = YES;
				COPY_PHASE_STRIP = NO;
				DEBUG_INFORMATION_FORMAT = "dwarf-with-dsym";
				ENABLE_NS_ASSERTIONS = NO;
				ENABLE_STRICT_OBJC_MSGSEND = YES;
				ENABLE_USER_SCRIPT_SANDBOXING = YES;
				GCC_C_LANGUAGE_STANDARD = gnu17;
				GCC_NO_COMMON_BLOCKS = YES;
				GCC_WARN_64_TO_32_BIT_CONVERSION = YES;
				GCC_WARN_ABOUT_RETURN_TYPE = YES_ERROR;
				GCC_WARN_UNDECLARED_SELECTOR = YES;
				GCC_WARN_UNINITIALIZED_AUTOS = YES_AGGRESSIVE;
				GCC_WARN_UNUSED_FUNCTION = YES;
				GCC_WARN_UNUSED_VARIABLE = YES;
				IPHONEOS_DEPLOYMENT_TARGET = 17.0;
				LOCALIZATION_PREFERS_STRING_CATALOGS = YES;
				MTL_ENABLE_DEBUG_INFO = NO;
				MTL_FAST_MATH = YES;
				SDKROOT = iphoneos;
				SWIFT_COMPILATION_MODE = wholemodule;
				VALIDATE_PRODUCT = YES;
			};
			name = Release;
		};
		A10000000000000000000091 /* Debug */ = {
			isa = XCBuildConfiguration;
			buildSettings = {
				ASSETCATALOG_COMPILER_APPICON_NAME = AppIcon;
				ASSETCATALOG_COMPILER_GLOBAL_ACCENT_COLOR_NAME = AccentColor;
				CODE_SIGN_STYLE = Automatic;
				CURRENT_PROJECT_VERSION = 1;
				DEVELOPMENT_TEAM = JB6RUQ3R3U;
				ENABLE_PREVIEWS = YES;
				GENERATE_INFOPLIST_FILE = YES;
				INFOPLIST_KEY_NSBluetoothAlwaysUsageDescription = "用于连接蓝牙戒指并接收语音数据";
				INFOPLIST_KEY_NSMicrophoneUsageDescription = "用于手机录音并生成索引卡";
				INFOPLIST_KEY_NSSpeechRecognitionUsageDescription = "用于将手机录音转写成文本";
				INFOPLIST_KEY_UIApplicationSceneManifest_Generation = YES;
				INFOPLIST_KEY_UIApplicationSupportsIndirectInputEvents = YES;
				INFOPLIST_KEY_UILaunchScreen_Generation = YES;
				INFOPLIST_KEY_UISupportedInterfaceOrientations_iPad = "UIInterfaceOrientationPortrait UIInterfaceOrientationPortraitUpsideDown UIInterfaceOrientationLandscapeLeft UIInterfaceOrientationLandscapeRight";
				INFOPLIST_KEY_UISupportedInterfaceOrientations_iPhone = "UIInterfaceOrientationPortrait UIInterfaceOrientationLandscapeLeft UIInterfaceOrientationLandscapeRight";
				IPHONEOS_DEPLOYMENT_TARGET = 17.0;
				LD_RUNPATH_SEARCH_PATHS = (
					"$(inherited)",
					"@executable_path/Frameworks",
				);
				MARKETING_VERSION = 1.0;
				PRODUCT_BUNDLE_IDENTIFIER = com.example.ringvoice;
				PRODUCT_NAME = "$(TARGET_NAME)";
				SWIFT_EMIT_LOC_STRINGS = YES;
				SWIFT_VERSION = 6.0;
				TARGETED_DEVICE_FAMILY = "1,2";
			};
			name = Debug;
		};
		A10000000000000000000092 /* Release */ = {
			isa = XCBuildConfiguration;
			buildSettings = {
				ASSETCATALOG_COMPILER_APPICON_NAME = AppIcon;
				ASSETCATALOG_COMPILER_GLOBAL_ACCENT_COLOR_NAME = AccentColor;
				CODE_SIGN_STYLE = Automatic;
				CURRENT_PROJECT_VERSION = 1;
				DEVELOPMENT_TEAM = JB6RUQ3R3U;
				ENABLE_PREVIEWS = YES;
				GENERATE_INFOPLIST_FILE = YES;
				INFOPLIST_KEY_NSBluetoothAlwaysUsageDescription = "用于连接蓝牙戒指并接收语音数据";
				INFOPLIST_KEY_NSMicrophoneUsageDescription = "用于手机录音并生成索引卡";
				INFOPLIST_KEY_NSSpeechRecognitionUsageDescription = "用于将手机录音转写成文本";
				INFOPLIST_KEY_UIApplicationSceneManifest_Generation = YES;
				INFOPLIST_KEY_UIApplicationSupportsIndirectInputEvents = YES;
				INFOPLIST_KEY_UILaunchScreen_Generation = YES;
				INFOPLIST_KEY_UISupportedInterfaceOrientations_iPad = "UIInterfaceOrientationPortrait UIInterfaceOrientationPortraitUpsideDown UIInterfaceOrientationLandscapeLeft UIInterfaceOrientationLandscapeRight";
				INFOPLIST_KEY_UISupportedInterfaceOrientations_iPhone = "UIInterfaceOrientationPortrait UIInterfaceOrientationLandscapeLeft UIInterfaceOrientationLandscapeRight";
				IPHONEOS_DEPLOYMENT_TARGET = 17.0;
				LD_RUNPATH_SEARCH_PATHS = (
					"$(inherited)",
					"@executable_path/Frameworks",
				);
				MARKETING_VERSION = 1.0;
				PRODUCT_BUNDLE_IDENTIFIER = com.example.ringvoice;
				PRODUCT_NAME = "$(TARGET_NAME)";
				SWIFT_EMIT_LOC_STRINGS = YES;
				SWIFT_VERSION = 6.0;
				TARGETED_DEVICE_FAMILY = "1,2";
			};
			name = Release;
		};
		A10000000000000000000094 /* Debug */ = {
			isa = XCBuildConfiguration;
			buildSettings = {
				BUNDLE_LOADER = "$(TEST_HOST)";
				CODE_SIGN_STYLE = Automatic;
				CURRENT_PROJECT_VERSION = 1;
				GENERATE_INFOPLIST_FILE = YES;
				IPHONEOS_DEPLOYMENT_TARGET = 17.0;
				LD_RUNPATH_SEARCH_PATHS = (
					"$(inherited)",
					"@executable_path/Frameworks",
					"@loader_path/Frameworks",
				);
				MARKETING_VERSION = 1.0;
				PRODUCT_BUNDLE_IDENTIFIER = com.example.ringvoice.tests;
				PRODUCT_NAME = "$(TARGET_NAME)";
				SWIFT_VERSION = 6.0;
				TARGETED_DEVICE_FAMILY = "1,2";
				TEST_HOST = "$(BUILT_PRODUCTS_DIR)/RingVoice.app/$(BUNDLE_EXECUTABLE_FOLDER_PATH)/RingVoice";
			};
			name = Debug;
		};
		A10000000000000000000095 /* Release */ = {
			isa = XCBuildConfiguration;
			buildSettings = {
				BUNDLE_LOADER = "$(TEST_HOST)";
				CODE_SIGN_STYLE = Automatic;
				CURRENT_PROJECT_VERSION = 1;
				GENERATE_INFOPLIST_FILE = YES;
				IPHONEOS_DEPLOYMENT_TARGET = 17.0;
				LD_RUNPATH_SEARCH_PATHS = (
					"$(inherited)",
					"@executable_path/Frameworks",
					"@loader_path/Frameworks",
				);
				MARKETING_VERSION = 1.0;
				PRODUCT_BUNDLE_IDENTIFIER = com.example.ringvoice.tests;
				PRODUCT_NAME = "$(TARGET_NAME)";
				SWIFT_VERSION = 6.0;
				TARGETED_DEVICE_FAMILY = "1,2";
				TEST_HOST = "$(BUILT_PRODUCTS_DIR)/RingVoice.app/$(BUNDLE_EXECUTABLE_FOLDER_PATH)/RingVoice";
			};
			name = Release;
		};
/* End XCBuildConfiguration section */

/* Begin XCConfigurationList section */
		A10000000000000000000080 /* Build configuration list for PBXProject "RingVoice" */ = {
			isa = XCConfigurationList;
			buildConfigurations = (
				A10000000000000000000081 /* Debug */,
				A10000000000000000000082 /* Release */,
			);
			defaultConfigurationIsVisible = 0;
			defaultConfigurationName = Release;
		};
		A10000000000000000000090 /* Build configuration list for PBXNativeTarget "RingVoice" */ = {
			isa = XCConfigurationList;
			buildConfigurations = (
				A10000000000000000000091 /* Debug */,
				A10000000000000000000092 /* Release */,
			);
			defaultConfigurationIsVisible = 0;
			defaultConfigurationName = Release;
		};
		A10000000000000000000093 /* Build configuration list for PBXNativeTarget "RingVoiceTests" */ = {
			isa = XCConfigurationList;
			buildConfigurations = (
				A10000000000000000000094 /* Debug */,
				A10000000000000000000095 /* Release */,
			);
			defaultConfigurationIsVisible = 0;
			defaultConfigurationName = Release;
		};
/* End XCConfigurationList section */
	};
	rootObject = A10000000000000000000070 /* Project object */;
}
